// !$*UTF8*$!
{
	archiveVersion = 1;
	classes = {
	};
	objectVersion = 56;
	objects = {

/* Begin PBXBuildFile section */
		055920B9298FE486003307E0 /* GoogleService-Info.plist in Resources */ = {isa = PBXBuildFile; fileRef = 055920B8298FE486003307E0 /* GoogleService-Info.plist */; };
		055920BB298FEAA5003307E0 /* CenterData.swift in Sources */ = {isa = PBXBuildFile; fileRef = 055920BA298FEAA5003307E0 /* CenterData.swift */; };
		05EFF216298EC8FC00B869A0 /* AppDelegate.swift in Sources */ = {isa = PBXBuildFile; fileRef = 05EFF215298EC8FC00B869A0 /* AppDelegate.swift */; };
		05EFF218298EC8FC00B869A0 /* SceneDelegate.swift in Sources */ = {isa = PBXBuildFile; fileRef = 05EFF217298EC8FC00B869A0 /* SceneDelegate.swift */; };
		05EFF21D298EC8FC00B869A0 /* Main.storyboard in Resources */ = {isa = PBXBuildFile; fileRef = 05EFF21B298EC8FC00B869A0 /* Main.storyboard */; };
		05EFF21F298EC8FE00B869A0 /* Assets.xcassets in Resources */ = {isa = PBXBuildFile; fileRef = 05EFF21E298EC8FE00B869A0 /* Assets.xcassets */; };
		05EFF222298EC8FE00B869A0 /* LaunchScreen.storyboard in Resources */ = {isa = PBXBuildFile; fileRef = 05EFF220298EC8FE00B869A0 /* LaunchScreen.storyboard */; };
		05EFF22A298F194D00B869A0 /* MainViewController.swift in Sources */ = {isa = PBXBuildFile; fileRef = 05EFF229298F194D00B869A0 /* MainViewController.swift */; };
		05EFF22C298F1AD500B869A0 /* Constants.swift in Sources */ = {isa = PBXBuildFile; fileRef = 05EFF22B298F1AD500B869A0 /* Constants.swift */; };
		05EFF22F298F1B7C00B869A0 /* MainTableViewCell.swift in Sources */ = {isa = PBXBuildFile; fileRef = 05EFF22D298F1B7C00B869A0 /* MainTableViewCell.swift */; };
		05EFF230298F1B7C00B869A0 /* MainTableViewCell.xib in Resources */ = {isa = PBXBuildFile; fileRef = 05EFF22E298F1B7C00B869A0 /* MainTableViewCell.xib */; };
		05EFF232298F5C1600B869A0 /* RestaurantViewController.swift in Sources */ = {isa = PBXBuildFile; fileRef = 05EFF231298F5C1600B869A0 /* RestaurantViewController.swift */; };
		05EFF234298F5C7000B869A0 /* hallData.swift in Sources */ = {isa = PBXBuildFile; fileRef = 05EFF233298F5C7000B869A0 /* hallData.swift */; };
		05EFF237298F5CEC00B869A0 /* DiningHallViewCell.swift in Sources */ = {isa = PBXBuildFile; fileRef = 05EFF235298F5CEC00B869A0 /* DiningHallViewCell.swift */; };
		05EFF238298F5CEC00B869A0 /* DiningHallViewCell.xib in Resources */ = {isa = PBXBuildFile; fileRef = 05EFF236298F5CEC00B869A0 /* DiningHallViewCell.xib */; };
		39896D7F21A7488F87996AB5 /* Pods_Chow_Time.framework in Frameworks */ = {isa = PBXBuildFile; fileRef = 19F80BE8CB81A3696EBC7C11 /* Pods_Chow_Time.framework */; };
/* End PBXBuildFile section */

/* Begin PBXFileReference section */
		055920B8298FE486003307E0 /* GoogleService-Info.plist */ = {isa = PBXFileReference; fileEncoding = 4; lastKnownFileType = text.plist.xml; name = "GoogleService-Info.plist"; path = "../../../../../Downloads/GoogleService-Info.plist"; sourceTree = "<group>"; };
		055920BA298FEAA5003307E0 /* CenterData.swift */ = {isa = PBXFileReference; lastKnownFileType = sourcecode.swift; path = CenterData.swift; sourceTree = "<group>"; };
		05EFF212298EC8FC00B869A0 /* Chow Time.app */ = {isa = PBXFileReference; explicitFileType = wrapper.application; includeInIndex = 0; path = "Chow Time.app"; sourceTree = BUILT_PRODUCTS_DIR; };
		05EFF215298EC8FC00B869A0 /* AppDelegate.swift */ = {isa = PBXFileReference; lastKnownFileType = sourcecode.swift; path = AppDelegate.swift; sourceTree = "<group>"; };
		05EFF217298EC8FC00B869A0 /* SceneDelegate.swift */ = {isa = PBXFileReference; lastKnownFileType = sourcecode.swift; path = SceneDelegate.swift; sourceTree = "<group>"; };
		05EFF21C298EC8FC00B869A0 /* Base */ = {isa = PBXFileReference; lastKnownFileType = file.storyboard; name = Base; path = Base.lproj/Main.storyboard; sourceTree = "<group>"; };
		05EFF21E298EC8FE00B869A0 /* Assets.xcassets */ = {isa = PBXFileReference; lastKnownFileType = folder.assetcatalog; path = Assets.xcassets; sourceTree = "<group>"; };
		05EFF221298EC8FE00B869A0 /* Base */ = {isa = PBXFileReference; lastKnownFileType = file.storyboard; name = Base; path = Base.lproj/LaunchScreen.storyboard; sourceTree = "<group>"; };
		05EFF223298EC8FE00B869A0 /* Info.plist */ = {isa = PBXFileReference; lastKnownFileType = text.plist.xml; path = Info.plist; sourceTree = "<group>"; };
		05EFF229298F194D00B869A0 /* MainViewController.swift */ = {isa = PBXFileReference; lastKnownFileType = sourcecode.swift; path = MainViewController.swift; sourceTree = "<group>"; };
		05EFF22B298F1AD500B869A0 /* Constants.swift */ = {isa = PBXFileReference; lastKnownFileType = sourcecode.swift; path = Constants.swift; sourceTree = "<group>"; };
		05EFF22D298F1B7C00B869A0 /* MainTableViewCell.swift */ = {isa = PBXFileReference; lastKnownFileType = sourcecode.swift; path = MainTableViewCell.swift; sourceTree = "<group>"; };
		05EFF22E298F1B7C00B869A0 /* MainTableViewCell.xib */ = {isa = PBXFileReference; lastKnownFileType = file.xib; path = MainTableViewCell.xib; sourceTree = "<group>"; };
		05EFF231298F5C1600B869A0 /* RestaurantViewController.swift */ = {isa = PBXFileReference; lastKnownFileType = sourcecode.swift; path = RestaurantViewController.swift; sourceTree = "<group>"; };
		05EFF233298F5C7000B869A0 /* hallData.swift */ = {isa = PBXFileReference; lastKnownFileType = sourcecode.swift; path = hallData.swift; sourceTree = "<group>"; };
		05EFF235298F5CEC00B869A0 /* DiningHallViewCell.swift */ = {isa = PBXFileReference; lastKnownFileType = sourcecode.swift; path = DiningHallViewCell.swift; sourceTree = "<group>"; };
		05EFF236298F5CEC00B869A0 /* DiningHallViewCell.xib */ = {isa = PBXFileReference; lastKnownFileType = file.xib; path = DiningHallViewCell.xib; sourceTree = "<group>"; };
		19F80BE8CB81A3696EBC7C11 /* Pods_Chow_Time.framework */ = {isa = PBXFileReference; explicitFileType = wrapper.framework; includeInIndex = 0; path = Pods_Chow_Time.framework; sourceTree = BUILT_PRODUCTS_DIR; };
		4A0D86A7C278FEC92816917F /* Pods-Chow Time.debug.xcconfig */ = {isa = PBXFileReference; includeInIndex = 1; lastKnownFileType = text.xcconfig; name = "Pods-Chow Time.debug.xcconfig"; path = "Target Support Files/Pods-Chow Time/Pods-Chow Time.debug.xcconfig"; sourceTree = "<group>"; };
		BC86A357EC0E8A044D8940D2 /* Pods-Chow Time.release.xcconfig */ = {isa = PBXFileReference; includeInIndex = 1; lastKnownFileType = text.xcconfig; name = "Pods-Chow Time.release.xcconfig"; path = "Target Support Files/Pods-Chow Time/Pods-Chow Time.release.xcconfig"; sourceTree = "<group>"; };
/* End PBXFileReference section */

/* Begin PBXFrameworksBuildPhase section */
		05EFF20F298EC8FC00B869A0 /* Frameworks */ = {
			isa = PBXFrameworksBuildPhase;
			buildActionMask = 2147483647;
			files = (
				39896D7F21A7488F87996AB5 /* Pods_Chow_Time.framework in Frameworks */,
			);
			runOnlyForDeploymentPostprocessing = 0;
		};
/* End PBXFrameworksBuildPhase section */

/* Begin PBXGroup section */
		05EFF209298EC8FC00B869A0 = {
			isa = PBXGroup;
			children = (
				05EFF214298EC8FC00B869A0 /* Chow Time */,
				05EFF213298EC8FC00B869A0 /* Products */,
				35CEC645B3F9A03277F813BC /* Pods */,
				4E2798D6F873E1347BF72A0B /* Frameworks */,
			);
			sourceTree = "<group>";
		};
		05EFF213298EC8FC00B869A0 /* Products */ = {
			isa = PBXGroup;
			children = (
				05EFF212298EC8FC00B869A0 /* Chow Time.app */,
			);
			name = Products;
			sourceTree = "<group>";
		};
		05EFF214298EC8FC00B869A0 /* Chow Time */ = {
			isa = PBXGroup;
			children = (
				05EFF215298EC8FC00B869A0 /* AppDelegate.swift */,
				05EFF229298F194D00B869A0 /* MainViewController.swift */,
				05EFF22B298F1AD500B869A0 /* Constants.swift */,
				05EFF22D298F1B7C00B869A0 /* MainTableViewCell.swift */,
				05EFF22E298F1B7C00B869A0 /* MainTableViewCell.xib */,
				05EFF217298EC8FC00B869A0 /* SceneDelegate.swift */,
				05EFF231298F5C1600B869A0 /* RestaurantViewController.swift */,
				05EFF235298F5CEC00B869A0 /* DiningHallViewCell.swift */,
				05EFF236298F5CEC00B869A0 /* DiningHallViewCell.xib */,
				05EFF233298F5C7000B869A0 /* hallData.swift */,
				055920BA298FEAA5003307E0 /* CenterData.swift */,
				05EFF21B298EC8FC00B869A0 /* Main.storyboard */,
				05EFF21E298EC8FE00B869A0 /* Assets.xcassets */,
				05EFF220298EC8FE00B869A0 /* LaunchScreen.storyboard */,
				05EFF223298EC8FE00B869A0 /* Info.plist */,
				055920B8298FE486003307E0 /* GoogleService-Info.plist */,
			);
			path = "Chow Time";
			sourceTree = "<group>";
		};
		35CEC645B3F9A03277F813BC /* Pods */ = {
			isa = PBXGroup;
			children = (
				4A0D86A7C278FEC92816917F /* Pods-Chow Time.debug.xcconfig */,
				BC86A357EC0E8A044D8940D2 /* Pods-Chow Time.release.xcconfig */,
			);
			path = Pods;
			sourceTree = "<group>";
		};
		4E2798D6F873E1347BF72A0B /* Frameworks */ = {
			isa = PBXGroup;
			children = (
				19F80BE8CB81A3696EBC7C11 /* Pods_Chow_Time.framework */,
			);
			name = Frameworks;
			sourceTree = "<group>";
		};
/* End PBXGroup section */

/* Begin PBXNativeTarget section */
		05EFF211298EC8FC00B869A0 /* Chow Time */ = {
			isa = PBXNativeTarget;
			buildConfigurationList = 05EFF226298EC8FE00B869A0 /* Build configuration list for PBXNativeTarget "Chow Time" */;
			buildPhases = (
				CAAF0523DE6F4BA192EBE6B0 /* [CP] Check Pods Manifest.lock */,
				05EFF20E298EC8FC00B869A0 /* Sources */,
				05EFF20F298EC8FC00B869A0 /* Frameworks */,
				05EFF210298EC8FC00B869A0 /* Resources */,
				E1F4FCEAFB4201E05623FF1B /* [CP] Embed Pods Frameworks */,
			);
			buildRules = (
			);
			dependencies = (
			);
			name = "Chow Time";
			productName = "Chow Time";
			productReference = 05EFF212298EC8FC00B869A0 /* Chow Time.app */;
			productType = "com.apple.product-type.application";
		};
/* End PBXNativeTarget section */

/* Begin PBXProject section */
		05EFF20A298EC8FC00B869A0 /* Project object */ = {
			isa = PBXProject;
			attributes = {
				BuildIndependentTargetsInParallel = 1;
				LastSwiftUpdateCheck = 1410;
				LastUpgradeCheck = 1410;
				TargetAttributes = {
					05EFF211298EC8FC00B869A0 = {
						CreatedOnToolsVersion = 14.1;
					};
				};
			};
			buildConfigurationList = 05EFF20D298EC8FC00B869A0 /* Build configuration list for PBXProject "Chow Time" */;
			compatibilityVersion = "Xcode 14.0";
			developmentRegion = en;
			hasScannedForEncodings = 0;
			knownRegions = (
				en,
				Base,
			);
			mainGroup = 05EFF209298EC8FC00B869A0;
			productRefGroup = 05EFF213298EC8FC00B869A0 /* Products */;
			projectDirPath = "";
			projectRoot = "";
			targets = (
				05EFF211298EC8FC00B869A0 /* Chow Time */,
			);
		};
/* End PBXProject section */

/* Begin PBXResourcesBuildPhase section */
		05EFF210298EC8FC00B869A0 /* Resources */ = {
			isa = PBXResourcesBuildPhase;
			buildActionMask = 2147483647;
			files = (
				05EFF222298EC8FE00B869A0 /* LaunchScreen.storyboard in Resources */,
				05EFF21F298EC8FE00B869A0 /* Assets.xcassets in Resources */,
				05EFF230298F1B7C00B869A0 /* MainTableViewCell.xib in Resources */,
				05EFF238298F5CEC00B869A0 /* DiningHallViewCell.xib in Resources */,
				05EFF21D298EC8FC00B869A0 /* Main.storyboard in Resources */,
				055920B9298FE486003307E0 /* GoogleService-Info.plist in Resources */,
			);
			runOnlyForDeploymentPostprocessing = 0;
		};
/* End PBXResourcesBuildPhase section */

/* Begin PBXShellScriptBuildPhase section */
		CAAF0523DE6F4BA192EBE6B0 /* [CP] Check Pods Manifest.lock */ = {
			isa = PBXShellScriptBuildPhase;
			buildActionMask = 2147483647;
			files = (
			);
			inputFileListPaths = (
			);
			inputPaths = (
				"${PODS_PODFILE_DIR_PATH}/Podfile.lock",
				"${PODS_ROOT}/Manifest.lock",
			);
			name = "[CP] Check Pods Manifest.lock";
			outputFileListPaths = (
			);
			outputPaths = (
				"$(DERIVED_FILE_DIR)/Pods-Chow Time-checkManifestLockResult.txt",
			);
			runOnlyForDeploymentPostprocessing = 0;
			shellPath = /bin/sh;
			shellScript = "diff \"${PODS_PODFILE_DIR_PATH}/Podfile.lock\" \"${PODS_ROOT}/Manifest.lock\" > /dev/null\nif [ $? != 0 ] ; then\n    # print error to STDERR\n    echo \"error: The sandbox is not in sync with the Podfile.lock. Run 'pod install' or update your CocoaPods installation.\" >&2\n    exit 1\nfi\n# This output is used by Xcode 'outputs' to avoid re-running this script phase.\necho \"SUCCESS\" > \"${SCRIPT_OUTPUT_FILE_0}\"\n";
			showEnvVarsInLog = 0;
		};
		E1F4FCEAFB4201E05623FF1B /* [CP] Embed Pods Frameworks */ = {
			isa = PBXShellScriptBuildPhase;
			buildActionMask = 2147483647;
			files = (
			);
			inputFileListPaths = (
				"${PODS_ROOT}/Target Support Files/Pods-Chow Time/Pods-Chow Time-frameworks-${CONFIGURATION}-input-files.xcfilelist",
			);
			name = "[CP] Embed Pods Frameworks";
			outputFileListPaths = (
				"${PODS_ROOT}/Target Support Files/Pods-Chow Time/Pods-Chow Time-frameworks-${CONFIGURATION}-output-files.xcfilelist",
			);
			runOnlyForDeploymentPostprocessing = 0;
			shellPath = /bin/sh;
			shellScript = "\"${PODS_ROOT}/Target Support Files/Pods-Chow Time/Pods-Chow Time-frameworks.sh\"\n";
			showEnvVarsInLog = 0;
		};
/* End PBXShellScriptBuildPhase section */

/* Begin PBXSourcesBuildPhase section */
		05EFF20E298EC8FC00B869A0 /* Sources */ = {
			isa = PBXSourcesBuildPhase;
			buildActionMask = 2147483647;
			files = (
				05EFF22C298F1AD500B869A0 /* Constants.swift in Sources */,
				05EFF232298F5C1600B869A0 /* RestaurantViewController.swift in Sources */,
				05EFF216298EC8FC00B869A0 /* AppDelegate.swift in Sources */,
				05EFF234298F5C7000B869A0 /* hallData.swift in Sources */,
				055920BB298FEAA5003307E0 /* CenterData.swift in Sources */,
				05EFF218298EC8FC00B869A0 /* SceneDelegate.swift in Sources */,
				05EFF22F298F1B7C00B869A0 /* MainTableViewCell.swift in Sources */,
				05EFF237298F5CEC00B869A0 /* DiningHallViewCell.swift in Sources */,
				05EFF22A298F194D00B869A0 /* MainViewController.swift in Sources */,
			);
			runOnlyForDeploymentPostprocessing = 0;
		};
/* End PBXSourcesBuildPhase section */

/* Begin PBXVariantGroup section */
		05EFF21B298EC8FC00B869A0 /* Main.storyboard */ = {
			isa = PBXVariantGroup;
			children = (
				05EFF21C298EC8FC00B869A0 /* Base */,
			);
			name = Main.storyboard;
			sourceTree = "<group>";
		};
		05EFF220298EC8FE00B869A0 /* LaunchScreen.storyboard */ = {
			isa = PBXVariantGroup;
			children = (
				05EFF221298EC8FE00B869A0 /* Base */,
			);
			name = LaunchScreen.storyboard;
			sourceTree = "<group>";
		};
/* End PBXVariantGroup section */

/* Begin XCBuildConfiguration section */
		05EFF224298EC8FE00B869A0 /* Debug */ = {
			isa = XCBuildConfiguration;
			buildSettings = {
				ALWAYS_SEARCH_USER_PATHS = NO;
				CLANG_ANALYZER_NONNULL = YES;
				CLANG_ANALYZER_NUMBER_OBJECT_CONVERSION = YES_AGGRESSIVE;
				CLANG_CXX_LANGUAGE_STANDARD = "gnu++20";
				CLANG_ENABLE_MODULES = YES;
				CLANG_ENABLE_OBJC_ARC = YES;
				CLANG_ENABLE_OBJC_WEAK = YES;
				CLANG_WARN_BLOCK_CAPTURE_AUTORELEASING = YES;
				CLANG_WARN_BOOL_CONVERSION = YES;
				CLANG_WARN_COMMA = YES;
				CLANG_WARN_CONSTANT_CONVERSION = YES;
				CLANG_WARN_DEPRECATED_OBJC_IMPLEMENTATIONS = YES;
				CLANG_WARN_DIRECT_OBJC_ISA_USAGE = YES_ERROR;
				CLANG_WARN_DOCUMENTATION_COMMENTS = YES;
				CLANG_WARN_EMPTY_BODY = YES;
				CLANG_WARN_ENUM_CONVERSION = YES;
				CLANG_WARN_INFINITE_RECURSION = YES;
				CLANG_WARN_INT_CONVERSION = YES;
				CLANG_WARN_NON_LITERAL_NULL_CONVERSION = YES;
				CLANG_WARN_OBJC_IMPLICIT_RETAIN_SELF = YES;
				CLANG_WARN_OBJC_LITERAL_CONVERSION = YES;
				CLANG_WARN_OBJC_ROOT_CLASS = YES_ERROR;
				CLANG_WARN_QUOTED_INCLUDE_IN_FRAMEWORK_HEADER = YES;
				CLANG_WARN_RANGE_LOOP_ANALYSIS = YES;
				CLANG_WARN_STRICT_PROTOTYPES = YES;
				CLANG_WARN_SUSPICIOUS_MOVE = YES;
				CLANG_WARN_UNGUARDED_AVAILABILITY = YES_AGGRESSIVE;
				CLANG_WARN_UNREACHABLE_CODE = YES;
				CLANG_WARN__DUPLICATE_METHOD_MATCH = YES;
				COPY_PHASE_STRIP = NO;
				DEBUG_INFORMATION_FORMAT = dwarf;
				ENABLE_STRICT_OBJC_MSGSEND = YES;
				ENABLE_TESTABILITY = YES;
				GCC_C_LANGUAGE_STANDARD = gnu11;
				GCC_DYNAMIC_NO_PIC = NO;
				GCC_NO_COMMON_BLOCKS = YES;
				GCC_OPTIMIZATION_LEVEL = 0;
				GCC_PREPROCESSOR_DEFINITIONS = (
					"DEBUG=1",
					"$(inherited)",
				);
				GCC_WARN_64_TO_32_BIT_CONVERSION = YES;
				GCC_WARN_ABOUT_RETURN_TYPE = YES_ERROR;
				GCC_WARN_UNDECLARED_SELECTOR = YES;
				GCC_WARN_UNINITIALIZED_AUTOS = YES_AGGRESSIVE;
				GCC_WARN_UNUSED_FUNCTION = YES;
				GCC_WARN_UNUSED_VARIABLE = YES;
				IPHONEOS_DEPLOYMENT_TARGET = 16.1;
				MTL_ENABLE_DEBUG_INFO = INCLUDE_SOURCE;
				MTL_FAST_MATH = YES;
				ONLY_ACTIVE_ARCH = YES;
				SDKROOT = iphoneos;
				SWIFT_ACTIVE_COMPILATION_CONDITIONS = DEBUG;
				SWIFT_OPTIMIZATION_LEVEL = "-Onone";
			};
			name = Debug;
		};
		05EFF225298EC8FE00B869A0 /* Release */ = {
			isa = XCBuildConfiguration;
			buildSettings = {
				ALWAYS_SEARCH_USER_PATHS = NO;
				CLANG_ANALYZER_NONNULL = YES;
				CLANG_ANALYZER_NUMBER_OBJECT_CONVERSION = YES_AGGRESSIVE;
				CLANG_CXX_LANGUAGE_STANDARD = "gnu++20";
				CLANG_ENABLE_MODULES = YES;
				CLANG_ENABLE_OBJC_ARC = YES;
				CLANG_ENABLE_OBJC_WEAK = YES;
				CLANG_WARN_BLOCK_CAPTURE_AUTORELEASING = YES;
				CLANG_WARN_BOOL_CONVERSION = YES;
				CLANG_WARN_COMMA = YES;
				CLANG_WARN_CONSTANT_CONVERSION = YES;
				CLANG_WARN_DEPRECATED_OBJC_IMPLEMENTATIONS = YES;
				CLANG_WARN_DIRECT_OBJC_ISA_USAGE = YES_ERROR;
				CLANG_WARN_DOCUMENTATION_COMMENTS = YES;
				CLANG_WARN_EMPTY_BODY = YES;
				CLANG_WARN_ENUM_CONVERSION = YES;
				CLANG_WARN_INFINITE_RECURSION = YES;
				CLANG_WARN_INT_CONVERSION = YES;
				CLANG_WARN_NON_LITERAL_NULL_CONVERSION = YES;
				CLANG_WARN_OBJC_IMPLICIT_RETAIN_SELF = YES;
				CLANG_WARN_OBJC_LITERAL_CONVERSION = YES;
				CLANG_WARN_OBJC_ROOT_CLASS = YES_ERROR;
				CLANG_WARN_QUOTED_INCLUDE_IN_FRAMEWORK_HEADER = YES;
				CLANG_WARN_RANGE_LOOP_ANALYSIS = YES;
				CLANG_WARN_STRICT_PROTOTYPES = YES;
				CLANG_WARN_SUSPICIOUS_MOVE = YES;
				CLANG_WARN_UNGUARDED_AVAILABILITY = YES_AGGRESSIVE;
				CLANG_WARN_UNREACHABLE_CODE = YES;
				CLANG_WARN__DUPLICATE_METHOD_MATCH = YES;
				COPY_PHASE_STRIP = NO;
				DEBUG_INFORMATION_FORMAT = "dwarf-with-dsym";
				ENABLE_NS_ASSERTIONS = NO;
				ENABLE_STRICT_OBJC_MSGSEND = YES;
				GCC_C_LANGUAGE_STANDARD = gnu11;
				GCC_NO_COMMON_BLOCKS = YES;
				GCC_WARN_64_TO_32_BIT_CONVERSION = YES;
				GCC_WARN_ABOUT_RETURN_TYPE = YES_ERROR;
				GCC_WARN_UNDECLARED_SELECTOR = YES;
				GCC_WARN_UNINITIALIZED_AUTOS = YES_AGGRESSIVE;
				GCC_WARN_UNUSED_FUNCTION = YES;
				GCC_WARN_UNUSED_VARIABLE = YES;
				IPHONEOS_DEPLOYMENT_TARGET = 16.1;
				MTL_ENABLE_DEBUG_INFO = NO;
				MTL_FAST_MATH = YES;
				SDKROOT = iphoneos;
				SWIFT_COMPILATION_MODE = wholemodule;
				SWIFT_OPTIMIZATION_LEVEL = "-O";
				VALIDATE_PRODUCT = YES;
			};
			name = Release;
		};
		05EFF227298EC8FE00B869A0 /* Debug */ = {
			isa = XCBuildConfiguration;
			baseConfigurationReference = 4A0D86A7C278FEC92816917F /* Pods-Chow Time.debug.xcconfig */;
			buildSettings = {
				ASSETCATALOG_COMPILER_APPICON_NAME = AppIcon;
				ASSETCATALOG_COMPILER_GLOBAL_ACCENT_COLOR_NAME = AccentColor;
				CODE_SIGN_STYLE = Automatic;
				CURRENT_PROJECT_VERSION = 1;
				DEVELOPMENT_TEAM = XP6HLZMR2D;
				GENERATE_INFOPLIST_FILE = YES;
				INFOPLIST_FILE = "Chow Time/Info.plist";
				INFOPLIST_KEY_UIApplicationSupportsIndirectInputEvents = YES;
				INFOPLIST_KEY_UILaunchStoryboardName = LaunchScreen;
				INFOPLIST_KEY_UIMainStoryboardFile = Main;
				INFOPLIST_KEY_UISupportedInterfaceOrientations_iPad = "UIInterfaceOrientationPortrait UIInterfaceOrientationPortraitUpsideDown UIInterfaceOrientationLandscapeLeft UIInterfaceOrientationLandscapeRight";
				INFOPLIST_KEY_UISupportedInterfaceOrientations_iPhone = "UIInterfaceOrientationPortrait UIInterfaceOrientationLandscapeLeft UIInterfaceOrientationLandscapeRight";
				LD_RUNPATH_SEARCH_PATHS = (
					"$(inherited)",
					"@executable_path/Frameworks",
				);
				MARKETING_VERSION = 1.0;
				PRODUCT_BUNDLE_IDENTIFIER = "rituraj.Chow-Time";
				PRODUCT_NAME = "$(TARGET_NAME)";
				SWIFT_EMIT_LOC_STRINGS = YES;
				SWIFT_VERSION = 5.0;
				TARGETED_DEVICE_FAMILY = "1,2";
			};
			name = Debug;
		};
		05EFF228298EC8FE00B869A0 /* Release */ = {
			isa = XCBuildConfiguration;
			baseConfigurationReference = BC86A357EC0E8A044D8940D2 /* Pods-Chow Time.release.xcconfig */;
			buildSettings = {
				ASSETCATALOG_COMPILER_APPICON_NAME = AppIcon;
				ASSETCATALOG_COMPILER_GLOBAL_ACCENT_COLOR_NAME = AccentColor;
				CODE_SIGN_STYLE = Automatic;
				CURRENT_PROJECT_VERSION = 1;
				DEVELOPMENT_TEAM = XP6HLZMR2D;
				GENERATE_INFOPLIST_FILE = YES;
				INFOPLIST_FILE = "Chow Time/Info.plist";
				INFOPLIST_KEY_UIApplicationSupportsIndirectInputEvents = YES;
				INFOPLIST_KEY_UILaunchStoryboardName = LaunchScreen;
				INFOPLIST_KEY_UIMainStoryboardFile = Main;
				INFOPLIST_KEY_UISupportedInterfaceOrientations_iPad = "UIInterfaceOrientationPortrait UIInterfaceOrientationPortraitUpsideDown UIInterfaceOrientationLandscapeLeft UIInterfaceOrientationLandscapeRight";
				INFOPLIST_KEY_UISupportedInterfaceOrientations_iPhone = "UIInterfaceOrientationPortrait UIInterfaceOrientationLandscapeLeft UIInterfaceOrientationLandscapeRight";
				LD_RUNPATH_SEARCH_PATHS = (
					"$(inherited)",
					"@executable_path/Frameworks",
				);
				MARKETING_VERSION = 1.0;
				PRODUCT_BUNDLE_IDENTIFIER = "rituraj.Chow-Time";
				PRODUCT_NAME = "$(TARGET_NAME)";
				SWIFT_EMIT_LOC_STRINGS = YES;
				SWIFT_VERSION = 5.0;
				TARGETED_DEVICE_FAMILY = "1,2";
			};
			name = Release;
		};
/* End XCBuildConfiguration section */

/* Begin XCConfigurationList section */
		05EFF20D298EC8FC00B869A0 /* Build configuration list for PBXProject "Chow Time" */ = {
			isa = XCConfigurationList;
			buildConfigurations = (
				05EFF224298EC8FE00B869A0 /* Debug */,
				05EFF225298EC8FE00B869A0 /* Release */,
			);
			defaultConfigurationIsVisible = 0;
			defaultConfigurationName = Release;
		};
		05EFF226298EC8FE00B869A0 /* Build configuration list for PBXNativeTarget "Chow Time" */ = {
			isa = XCConfigurationList;
			buildConfigurations = (
				05EFF227298EC8FE00B869A0 /* Debug */,
				05EFF228298EC8FE00B869A0 /* Release */,
			);
			defaultConfigurationIsVisible = 0;
			defaultConfigurationName = Release;
		};
/* End XCConfigurationList section */
	};
	rootObject = 05EFF20A298EC8FC00B869A0 /* Project object */;
}
